
Microsoft Visual Studio Solution File, Format Version 12.00
# Visual Studio Version 16
VisualStudioVersion = 16.0.32106.194
MinimumVisualStudioVersion = 10.0.40219.1
Project("{FAE04EC0-301F-11D3-BF4B-00C04F79EFBC}") = "ControlListBox", "ControlListBox\ControlListBox.csproj", "{BCB32C0C-7E79-45AA-927F-793F33A3EF16}"
EndProject
Project("{FAE04EC0-301F-11D3-BF4B-00C04F79EFBC}") = "ListControlWithData", "ListControlWithData\ListControlWithData.csproj", "{06661257-B454-46DC-8BE6-8CDF4472C9C9}"
EndProject
Project("{2150E333-8FDC-42A3-9474-1A3956D46DE8}") = "Solution Items", "Solution Items", "{30243A07-74CF-4C1B-9334-9017518A7403}"
	ProjectSection(SolutionItems) = preProject
		Read Me First.txt = Read Me First.txt
	EndProjectSection
EndProject
Global
	GlobalSection(SolutionConfigurationPlatforms) = preSolution
		Debug|Any CPU = Debug|Any CPU
		Release|Any CPU = Release|Any CPU
	EndGlobalSection
	GlobalSection(ProjectConfigurationPlatforms) = postSolution
		{BCB32C0C-7E79-45AA-927F-793F33A3EF16}.Debug|Any CPU.ActiveCfg = Debug|Any CPU
		{BCB32C0C-7E79-45AA-927F-793F33A3EF16}.Debug|Any CPU.Build.0 = Debug|Any CPU
		{BCB32C0C-7E79-45AA-927F-793F33A3EF16}.Release|Any CPU.ActiveCfg = Release|Any CPU
		{BCB32C0C-7E79-45AA-927F-793F33A3EF16}.Release|Any CPU.Build.0 = Release|Any CPU
		{06661257-B454-46DC-8BE6-8CDF4472C9C9}.Debug|Any CPU.ActiveCfg = Debug|Any CPU
		{06661257-B454-46DC-8BE6-8CDF4472C9C9}.Debug|Any CPU.Build.0 = Debug|Any CPU
		{06661257-B454-46DC-8BE6-8CDF4472C9C9}.Release|Any CPU.ActiveCfg = Release|Any CPU
		{06661257-B454-46DC-8BE6-8CDF4472C9C9}.Release|Any CPU.Build.0 = Release|Any CPU
	EndGlobalSection
	GlobalSection(SolutionProperties) = preSolution
		HideSolutionNode = FALSE
	EndGlobalSection
	GlobalSection(ExtensibilityGlobals) = postSolution
		SolutionGuid = {8E549E1D-38BB-4AB7-BCB8-A0B6FFC6308F}
	EndGlobalSection
EndGlobal
